
Microsoft Visual Studio Solution File, Format Version 12.00
# Visual Studio 15
VisualStudioVersion = 15.0.28307.539
MinimumVisualStudioVersion = 10.0.40219.1
Project("{FAE04EC0-301F-11D3-BF4B-00C04F79EFBC}") = "sonkurşun", "sonkurşun\sonkurşun.csproj", "{AEECEB56-DCCF-4DFA-8D39-7D3185844ABE}"
EndProject
Global
	GlobalSection(SolutionConfigurationPlatforms) = preSolution
		Debug|Any CPU = Debug|Any CPU
		Release|Any CPU = Release|Any CPU
	EndGlobalSection
	GlobalSection(ProjectConfigurationPlatforms) = postSolution
		{AEECEB56-DCCF-4DFA-8D39-7D3185844ABE}.Debug|Any CPU.ActiveCfg = Debug|Any CPU
		{AEECEB56-DCCF-4DFA-8D39-7D3185844ABE}.Debug|Any CPU.Build.0 = Debug|Any CPU
		{AEECEB56-DCCF-4DFA-8D39-7D3185844ABE}.Release|Any CPU.ActiveCfg = Release|Any CPU
		{AEECEB56-DCCF-4DFA-8D39-7D3185844ABE}.Release|Any CPU.Build.0 = Release|Any CPU
	EndGlobalSection
	GlobalSection(SolutionProperties) = preSolution
		HideSolutionNode = FALSE
	EndGlobalSection
	GlobalSection(ExtensibilityGlobals) = postSolution
		SolutionGuid = {D815FBBF-B3EE-4AB0-97DD-EF62E620FFB9}
	EndGlobalSection
EndGlobal
